// !$*UTF8*$!
{
	archiveVersion = 1;
	classes = {
	};
	objectVersion = 52;
	objects = {

/* Begin PBXBuildFile section */
		59012E98265E3EE4007FFC51 /* MVVM_ExampleApp.swift in Sources */ = {isa = PBXBuildFile; fileRef = 59012E97265E3EE4007FFC51 /* MVVM_ExampleApp.swift */; };
		59012E9C265E3EE5007FFC51 /* Assets.xcassets in Resources */ = {isa = PBXBuildFile; fileRef = 59012E9B265E3EE5007FFC51 /* Assets.xcassets */; };
		59012E9F265E3EE5007FFC51 /* Preview Assets.xcassets in Resources */ = {isa = PBXBuildFile; fileRef = 59012E9E265E3EE5007FFC51 /* Preview Assets.xcassets */; };
		59012EAD265E4571007FFC51 /* ExampleModel.swift in Sources */ = {isa = PBXBuildFile; fileRef = 59012EAC265E4571007FFC51 /* ExampleModel.swift */; };
		59012EB0265E4616007FFC51 /* ExampleView.swift in Sources */ = {isa = PBXBuildFile; fileRef = 59012EAF265E4616007FFC51 /* ExampleView.swift */; };
		59012EB3265E468A007FFC51 /* ExampleViewModel.swift in Sources */ = {isa = PBXBuildFile; fileRef = 59012EB2265E468A007FFC51 /* ExampleViewModel.swift */; };
		59012EB7265E4D42007FFC51 /* Alamofire in Frameworks */ = {isa = PBXBuildFile; productRef = 59012EB6265E4D42007FFC51 /* Alamofire */; };
		59012EC1265E5158007FFC51 /* SDWebImageSwiftUI in Frameworks */ = {isa = PBXBuildFile; productRef = 59012EC0265E5158007FFC51 /* SDWebImageSwiftUI */; };
/* End PBXBuildFile section */

/* Begin PBXFileReference section */
		59012E94265E3EE4007FFC51 /* MVVM Example.app */ = {isa = PBXFileReference; explicitFileType = wrapper.application; includeInIndex = 0; path = "MVVM Example.app"; sourceTree = BUILT_PRODUCTS_DIR; };
		59012E97265E3EE4007FFC51 /* MVVM_ExampleApp.swift */ = {isa = PBXFileReference; lastKnownFileType = sourcecode.swift; path = MVVM_ExampleApp.swift; sourceTree = "<group>"; };
		59012E9B265E3EE5007FFC51 /* Assets.xcassets */ = {isa = PBXFileReference; lastKnownFileType = folder.assetcatalog; path = Assets.xcassets; sourceTree = "<group>"; };
		59012E9E265E3EE5007FFC51 /* Preview Assets.xcassets */ = {isa = PBXFileReference; lastKnownFileType = folder.assetcatalog; path = "Preview Assets.xcassets"; sourceTree = "<group>"; };
		59012EA0265E3EE5007FFC51 /* Info.plist */ = {isa = PBXFileReference; lastKnownFileType = text.plist.xml; path = Info.plist; sourceTree = "<group>"; };
		59012EAC265E4571007FFC51 /* ExampleModel.swift */ = {isa = PBXFileReference; lastKnownFileType = sourcecode.swift; path = ExampleModel.swift; sourceTree = "<group>"; };
		59012EAF265E4616007FFC51 /* ExampleView.swift */ = {isa = PBXFileReference; lastKnownFileType = sourcecode.swift; path = ExampleView.swift; sourceTree = "<group>"; };
		59012EB2265E468A007FFC51 /* ExampleViewModel.swift */ = {isa = PBXFileReference; lastKnownFileType = sourcecode.swift; path = ExampleViewModel.swift; sourceTree = "<group>"; };
/* End PBXFileReference section */

/* Begin PBXFrameworksBuildPhase section */
		59012E91265E3EE4007FFC51 /* Frameworks */ = {
			isa = PBXFrameworksBuildPhase;
			buildActionMask = 2147483647;
			files = (
				59012EC1265E5158007FFC51 /* SDWebImageSwiftUI in Frameworks */,
				59012EB7265E4D42007FFC51 /* Alamofire in Frameworks */,
			);
			runOnlyForDeploymentPostprocessing = 0;
		};
/* End PBXFrameworksBuildPhase section */

/* Begin PBXGroup section */
		59012E8B265E3EE3007FFC51 = {
			isa = PBXGroup;
			children = (
				59012E96265E3EE4007FFC51 /* MVVM Example */,
				59012E95265E3EE4007FFC51 /* Products */,
			);
			sourceTree = "<group>";
		};
		59012E95265E3EE4007FFC51 /* Products */ = {
			isa = PBXGroup;
			children = (
				59012E94265E3EE4007FFC51 /* MVVM Example.app */,
			);
			name = Products;
			sourceTree = "<group>";
		};
		59012E96265E3EE4007FFC51 /* MVVM Example */ = {
			isa = PBXGroup;
			children = (
				59012EA8265E3F19007FFC51 /* Model */,
				59012EA9265E3F20007FFC51 /* View */,
				59012EAA265E3F26007FFC51 /* ViewModel */,
				59012E97265E3EE4007FFC51 /* MVVM_ExampleApp.swift */,
				59012E9B265E3EE5007FFC51 /* Assets.xcassets */,
				59012EA0265E3EE5007FFC51 /* Info.plist */,
				59012E9D265E3EE5007FFC51 /* Preview Content */,
			);
			path = "MVVM Example";
			sourceTree = "<group>";
		};
		59012E9D265E3EE5007FFC51 /* Preview Content */ = {
			isa = PBXGroup;
			children = (
				59012E9E265E3EE5007FFC51 /* Preview Assets.xcassets */,
			);
			path = "Preview Content";
			sourceTree = "<group>";
		};
		59012EA8265E3F19007FFC51 /* Model */ = {
			isa = PBXGroup;
			children = (
				59012EAC265E4571007FFC51 /* ExampleModel.swift */,
			);
			path = Model;
			sourceTree = "<group>";
		};
		59012EA9265E3F20007FFC51 /* View */ = {
			isa = PBXGroup;
			children = (
				59012EAF265E4616007FFC51 /* ExampleView.swift */,
			);
			path = View;
			sourceTree = "<group>";
		};
		59012EAA265E3F26007FFC51 /* ViewModel */ = {
			isa = PBXGroup;
			children = (
				59012EB2265E468A007FFC51 /* ExampleViewModel.swift */,
			);
			path = ViewModel;
			sourceTree = "<group>";
		};
/* End PBXGroup section */

/* Begin PBXNativeTarget section */
		59012E93265E3EE4007FFC51 /* MVVM Example */ = {
			isa = PBXNativeTarget;
			buildConfigurationList = 59012EA3265E3EE5007FFC51 /* Build configuration list for PBXNativeTarget "MVVM Example" */;
			buildPhases = (
				59012E90265E3EE4007FFC51 /* Sources */,
				59012E91265E3EE4007FFC51 /* Frameworks */,
				59012E92265E3EE4007FFC51 /* Resources */,
			);
			buildRules = (
			);
			dependencies = (
			);
			name = "MVVM Example";
			packageProductDependencies = (
				59012EB6265E4D42007FFC51 /* Alamofire */,
				59012EC0265E5158007FFC51 /* SDWebImageSwiftUI */,
			);
			productName = "MVVM Example";
			productReference = 59012E94265E3EE4007FFC51 /* MVVM Example.app */;
			productType = "com.apple.product-type.application";
		};
/* End PBXNativeTarget section */

/* Begin PBXProject section */
		59012E8C265E3EE3007FFC51 /* Project object */ = {
			isa = PBXProject;
			attributes = {
				LastSwiftUpdateCheck = 1240;
				LastUpgradeCheck = 1240;
				TargetAttributes = {
					59012E93265E3EE4007FFC51 = {
						CreatedOnToolsVersion = 12.4;
					};
				};
			};
			buildConfigurationList = 59012E8F265E3EE3007FFC51 /* Build configuration list for PBXProject "MVVM Example" */;
			compatibilityVersion = "Xcode 9.3";
			developmentRegion = en;
			hasScannedForEncodings = 0;
			knownRegions = (
				en,
				Base,
			);
			mainGroup = 59012E8B265E3EE3007FFC51;
			packageReferences = (
				59012EB5265E4D42007FFC51 /* XCRemoteSwiftPackageReference "Alamofire" */,
				59012EB9265E4EA4007FFC51 /* XCRemoteSwiftPackageReference "SDWebImage" */,
				59012EBF265E5158007FFC51 /* XCRemoteSwiftPackageReference "SDWebImageSwiftUI" */,
			);
			productRefGroup = 59012E95265E3EE4007FFC51 /* Products */;
			projectDirPath = "";
			projectRoot = "";
			targets = (
				59012E93265E3EE4007FFC51 /* MVVM Example */,
			);
		};
/* End PBXProject section */

/* Begin PBXResourcesBuildPhase section */
		59012E92265E3EE4007FFC51 /* Resources */ = {
			isa = PBXResourcesBuildPhase;
			buildActionMask = 2147483647;
			files = (
				59012E9F265E3EE5007FFC51 /* Preview Assets.xcassets in Resources */,
				59012E9C265E3EE5007FFC51 /* Assets.xcassets in Resources */,
			);
			runOnlyForDeploymentPostprocessing = 0;
		};
/* End PBXResourcesBuildPhase section */

/* Begin PBXSourcesBuildPhase section */
		59012E90265E3EE4007FFC51 /* Sources */ = {
			isa = PBXSourcesBuildPhase;
			buildActionMask = 2147483647;
			files = (
				59012EAD265E4571007FFC51 /* ExampleModel.swift in Sources */,
				59012EB3265E468A007FFC51 /* ExampleViewModel.swift in Sources */,
				59012E98265E3EE4007FFC51 /* MVVM_ExampleApp.swift in Sources */,
				59012EB0265E4616007FFC51 /* ExampleView.swift in Sources */,
			);
			runOnlyForDeploymentPostprocessing = 0;
		};
/* End PBXSourcesBuildPhase section */

/* Begin XCBuildConfiguration section */
		59012EA1265E3EE5007FFC51 /* Debug */ = {
			isa = XCBuildConfiguration;
			buildSettings = {
				ALWAYS_SEARCH_USER_PATHS = NO;
				CLANG_ANALYZER_NONNULL = YES;
				CLANG_ANALYZER_NUMBER_OBJECT_CONVERSION = YES_AGGRESSIVE;
				CLANG_CXX_LANGUAGE_STANDARD = "gnu++14";
				CLANG_CXX_LIBRARY = "libc++";
				CLANG_ENABLE_MODULES = YES;
				CLANG_ENABLE_OBJC_ARC = YES;
				CLANG_ENABLE_OBJC_WEAK = YES;
				CLANG_WARN_BLOCK_CAPTURE_AUTORELEASING = YES;
				CLANG_WARN_BOOL_CONVERSION = YES;
				CLANG_WARN_COMMA = YES;
				CLANG_WARN_CONSTANT_CONVERSION = YES;
				CLANG_WARN_DEPRECATED_OBJC_IMPLEMENTATIONS = YES;
				CLANG_WARN_DIRECT_OBJC_ISA_USAGE = YES_ERROR;
				CLANG_WARN_DOCUMENTATION_COMMENTS = YES;
				CLANG_WARN_EMPTY_BODY = YES;
				CLANG_WARN_ENUM_CONVERSION = YES;
				CLANG_WARN_INFINITE_RECURSION = YES;
				CLANG_WARN_INT_CONVERSION = YES;
				CLANG_WARN_NON_LITERAL_NULL_CONVERSION = YES;
				CLANG_WARN_OBJC_IMPLICIT_RETAIN_SELF = YES;
				CLANG_WARN_OBJC_LITERAL_CONVERSION = YES;
				CLANG_WARN_OBJC_ROOT_CLASS = YES_ERROR;
				CLANG_WARN_QUOTED_INCLUDE_IN_FRAMEWORK_HEADER = YES;
				CLANG_WARN_RANGE_LOOP_ANALYSIS = YES;
				CLANG_WARN_STRICT_PROTOTYPES = YES;
				CLANG_WARN_SUSPICIOUS_MOVE = YES;
				CLANG_WARN_UNGUARDED_AVAILABILITY = YES_AGGRESSIVE;
				CLANG_WARN_UNREACHABLE_CODE = YES;
				CLANG_WARN__DUPLICATE_METHOD_MATCH = YES;
				COPY_PHASE_STRIP = NO;
				DEBUG_INFORMATION_FORMAT = dwarf;
				ENABLE_STRICT_OBJC_MSGSEND = YES;
				ENABLE_TESTABILITY = YES;
				GCC_C_LANGUAGE_STANDARD = gnu11;
				GCC_DYNAMIC_NO_PIC = NO;
				GCC_NO_COMMON_BLOCKS = YES;
				GCC_OPTIMIZATION_LEVEL = 0;
				GCC_PREPROCESSOR_DEFINITIONS = (
					"DEBUG=1",
					"$(inherited)",
				);
				GCC_WARN_64_TO_32_BIT_CONVERSION = YES;
				GCC_WARN_ABOUT_RETURN_TYPE = YES_ERROR;
				GCC_WARN_UNDECLARED_SELECTOR = YES;
				GCC_WARN_UNINITIALIZED_AUTOS = YES_AGGRESSIVE;
				GCC_WARN_UNUSED_FUNCTION = YES;
				GCC_WARN_UNUSED_VARIABLE = YES;
				IPHONEOS_DEPLOYMENT_TARGET = 14.4;
				MTL_ENABLE_DEBUG_INFO = INCLUDE_SOURCE;
				MTL_FAST_MATH = YES;
				ONLY_ACTIVE_ARCH = YES;
				SDKROOT = iphoneos;
				SWIFT_ACTIVE_COMPILATION_CONDITIONS = DEBUG;
				SWIFT_OPTIMIZATION_LEVEL = "-Onone";
			};
			name = Debug;
		};
		59012EA2265E3EE5007FFC51 /* Release */ = {
			isa = XCBuildConfiguration;
			buildSettings = {
				ALWAYS_SEARCH_USER_PATHS = NO;
				CLANG_ANALYZER_NONNULL = YES;
				CLANG_ANALYZER_NUMBER_OBJECT_CONVERSION = YES_AGGRESSIVE;
				CLANG_CXX_LANGUAGE_STANDARD = "gnu++14";
				CLANG_CXX_LIBRARY = "libc++";
				CLANG_ENABLE_MODULES = YES;
				CLANG_ENABLE_OBJC_ARC = YES;
				CLANG_ENABLE_OBJC_WEAK = YES;
				CLANG_WARN_BLOCK_CAPTURE_AUTORELEASING = YES;
				CLANG_WARN_BOOL_CONVERSION = YES;
				CLANG_WARN_COMMA = YES;
				CLANG_WARN_CONSTANT_CONVERSION = YES;
				CLANG_WARN_DEPRECATED_OBJC_IMPLEMENTATIONS = YES;
				CLANG_WARN_DIRECT_OBJC_ISA_USAGE = YES_ERROR;
				CLANG_WARN_DOCUMENTATION_COMMENTS = YES;
				CLANG_WARN_EMPTY_BODY = YES;
				CLANG_WARN_ENUM_CONVERSION = YES;
				CLANG_WARN_INFINITE_RECURSION = YES;
				CLANG_WARN_INT_CONVERSION = YES;
				CLANG_WARN_NON_LITERAL_NULL_CONVERSION = YES;
				CLANG_WARN_OBJC_IMPLICIT_RETAIN_SELF = YES;
				CLANG_WARN_OBJC_LITERAL_CONVERSION = YES;
				CLANG_WARN_OBJC_ROOT_CLASS = YES_ERROR;
				CLANG_WARN_QUOTED_INCLUDE_IN_FRAMEWORK_HEADER = YES;
				CLANG_WARN_RANGE_LOOP_ANALYSIS = YES;
				CLANG_WARN_STRICT_PROTOTYPES = YES;
				CLANG_WARN_SUSPICIOUS_MOVE = YES;
				CLANG_WARN_UNGUARDED_AVAILABILITY = YES_AGGRESSIVE;
				CLANG_WARN_UNREACHABLE_CODE = YES;
				CLANG_WARN__DUPLICATE_METHOD_MATCH = YES;
				COPY_PHASE_STRIP = NO;
				DEBUG_INFORMATION_FORMAT = "dwarf-with-dsym";
				ENABLE_NS_ASSERTIONS = NO;
				ENABLE_STRICT_OBJC_MSGSEND = YES;
				GCC_C_LANGUAGE_STANDARD = gnu11;
				GCC_NO_COMMON_BLOCKS = YES;
				GCC_WARN_64_TO_32_BIT_CONVERSION = YES;
				GCC_WARN_ABOUT_RETURN_TYPE = YES_ERROR;
				GCC_WARN_UNDECLARED_SELECTOR = YES;
				GCC_WARN_UNINITIALIZED_AUTOS = YES_AGGRESSIVE;
				GCC_WARN_UNUSED_FUNCTION = YES;
				GCC_WARN_UNUSED_VARIABLE = YES;
				IPHONEOS_DEPLOYMENT_TARGET = 14.4;
				MTL_ENABLE_DEBUG_INFO = NO;
				MTL_FAST_MATH = YES;
				SDKROOT = iphoneos;
				SWIFT_COMPILATION_MODE = wholemodule;
				SWIFT_OPTIMIZATION_LEVEL = "-O";
				VALIDATE_PRODUCT = YES;
			};
			name = Release;
		};
		59012EA4265E3EE5007FFC51 /* Debug */ = {
			isa = XCBuildConfiguration;
			buildSettings = {
				ASSETCATALOG_COMPILER_APPICON_NAME = AppIcon;
				ASSETCATALOG_COMPILER_GLOBAL_ACCENT_COLOR_NAME = AccentColor;
				CODE_SIGN_STYLE = Automatic;
				DEVELOPMENT_ASSET_PATHS = "\"MVVM Example/Preview Content\"";
				ENABLE_PREVIEWS = YES;
				INFOPLIST_FILE = "MVVM Example/Info.plist";
				IPHONEOS_DEPLOYMENT_TARGET = 14.0;
				LD_RUNPATH_SEARCH_PATHS = (
					"$(inherited)",
					"@executable_path/Frameworks",
				);
				PRODUCT_BUNDLE_IDENTIFIER = "com.turzo.MVVM-Example";
				PRODUCT_NAME = "$(TARGET_NAME)";
				SWIFT_VERSION = 5.0;
				TARGETED_DEVICE_FAMILY = "1,2";
			};
			name = Debug;
		};
		59012EA5265E3EE5007FFC51 /* Release */ = {
			isa = XCBuildConfiguration;
			buildSettings = {
				ASSETCATALOG_COMPILER_APPICON_NAME = AppIcon;
				ASSETCATALOG_COMPILER_GLOBAL_ACCENT_COLOR_NAME = AccentColor;
				CODE_SIGN_STYLE = Automatic;
				DEVELOPMENT_ASSET_PATHS = "\"MVVM Example/Preview Content\"";
				ENABLE_PREVIEWS = YES;
				INFOPLIST_FILE = "MVVM Example/Info.plist";
				IPHONEOS_DEPLOYMENT_TARGET = 14.0;
				LD_RUNPATH_SEARCH_PATHS = (
					"$(inherited)",
					"@executable_path/Frameworks",
				);
				PRODUCT_BUNDLE_IDENTIFIER = "com.turzo.MVVM-Example";
				PRODUCT_NAME = "$(TARGET_NAME)";
				SWIFT_VERSION = 5.0;
				TARGETED_DEVICE_FAMILY = "1,2";
			};
			name = Release;
		};
/* End XCBuildConfiguration section */

/* Begin XCConfigurationList section */
		59012E8F265E3EE3007FFC51 /* Build configuration list for PBXProject "MVVM Example" */ = {
			isa = XCConfigurationList;
			buildConfigurations = (
				59012EA1265E3EE5007FFC51 /* Debug */,
				59012EA2265E3EE5007FFC51 /* Release */,
			);
			defaultConfigurationIsVisible = 0;
			defaultConfigurationName = Release;
		};
		59012EA3265E3EE5007FFC51 /* Build configuration list for PBXNativeTarget "MVVM Example" */ = {
			isa = XCConfigurationList;
			buildConfigurations = (
				59012EA4265E3EE5007FFC51 /* Debug */,
				59012EA5265E3EE5007FFC51 /* Release */,
			);
			defaultConfigurationIsVisible = 0;
			defaultConfigurationName = Release;
		};
/* End XCConfigurationList section */

/* Begin XCRemoteSwiftPackageReference section */
		59012EB5265E4D42007FFC51 /* XCRemoteSwiftPackageReference "Alamofire" */ = {
			isa = XCRemoteSwiftPackageReference;
			repositoryURL = "https://github.com/Alamofire/Alamofire";
			requirement = {
				kind = upToNextMajorVersion;
				minimumVersion = 5.4.3;
			};
		};
		59012EB9265E4EA4007FFC51 /* XCRemoteSwiftPackageReference "SDWebImage" */ = {
			isa = XCRemoteSwiftPackageReference;
			repositoryURL = "https://github.com/SDWebImage/SDWebImage";
			requirement = {
				kind = upToNextMajorVersion;
				minimumVersion = 5.11.1;
			};
		};
		59012EBF265E5158007FFC51 /* XCRemoteSwiftPackageReference "SDWebImageSwiftUI" */ = {
			isa = XCRemoteSwiftPackageReference;
			repositoryURL = "https://github.com/SDWebImage/SDWebImageSwiftUI";
			requirement = {
				kind = upToNextMajorVersion;
				minimumVersion = 2.0.2;
			};
		};
/* End XCRemoteSwiftPackageReference section */

/* Begin XCSwiftPackageProductDependency section */
		59012EB6265E4D42007FFC51 /* Alamofire */ = {
			isa = XCSwiftPackageProductDependency;
			package = 59012EB5265E4D42007FFC51 /* XCRemoteSwiftPackageReference "Alamofire" */;
			productName = Alamofire;
		};
		59012EC0265E5158007FFC51 /* SDWebImageSwiftUI */ = {
			isa = XCSwiftPackageProductDependency;
			package = 59012EBF265E5158007FFC51 /* XCRemoteSwiftPackageReference "SDWebImageSwiftUI" */;
			productName = SDWebImageSwiftUI;
		};
/* End XCSwiftPackageProductDependency section */
	};
	rootObject = 59012E8C265E3EE3007FFC51 /* Project object */;
}
